
Microsoft Visual Studio Solution File, Format Version 12.00
# Visual Studio Version 17
VisualStudioVersion = 17.4.33213.308
MinimumVisualStudioVersion = 10.0.40219.1
Project("{FAE04EC0-301F-11D3-BF4B-00C04F79EFBC}") = "TimVer", "TimVer\TimVer.csproj", "{B6A9F617-2CFE-45EE-82D5-8170C7CC7B7E}"
EndProject
Global
	GlobalSection(SolutionConfigurationPlatforms) = preSolution
		Debug|Any CPU = Debug|Any CPU
		Release|Any CPU = Release|Any CPU
	EndGlobalSection
	GlobalSection(ProjectConfigurationPlatforms) = postSolution
		{B6A9F617-2CFE-45EE-82D5-8170C7CC7B7E}.Debug|Any CPU.ActiveCfg = Debug|Any CPU
		{B6A9F617-2CFE-45EE-82D5-8170C7CC7B7E}.Debug|Any CPU.Build.0 = Debug|Any CPU
		{B6A9F617-2CFE-45EE-82D5-8170C7CC7B7E}.Release|Any CPU.ActiveCfg = Release|Any CPU
		{B6A9F617-2CFE-45EE-82D5-8170C7CC7B7E}.Release|Any CPU.Build.0 = Release|Any CPU
	EndGlobalSection
	GlobalSection(SolutionProperties) = preSolution
		HideSolutionNode = FALSE
	EndGlobalSection
	GlobalSection(ExtensibilityGlobals) = postSolution
		SolutionGuid = {9FEF2D15-DB3C-43A8-9ECA-9FCCBDD09973}
	EndGlobalSection
EndGlobal
