
Microsoft Visual Studio Solution File, Format Version 12.00
# Visual Studio Version 17
VisualStudioVersion = 17.5.001.0
MinimumVisualStudioVersion = 10.0.40219.1
Project("{9A19103F-16F7-4668-BE54-9A1E7A4F7556}") = "ConvertHistory", "ConvertHistory.csproj", "{F5A0A57D-8AF6-4EE7-B22F-DEC52A17CFFF}"
EndProject
Global
	GlobalSection(SolutionConfigurationPlatforms) = preSolution
		Debug|Any CPU = Debug|Any CPU
		Release|Any CPU = Release|Any CPU
	EndGlobalSection
	GlobalSection(ProjectConfigurationPlatforms) = postSolution
		{F5A0A57D-8AF6-4EE7-B22F-DEC52A17CFFF}.Debug|Any CPU.ActiveCfg = Debug|Any CPU
		{F5A0A57D-8AF6-4EE7-B22F-DEC52A17CFFF}.Debug|Any CPU.Build.0 = Debug|Any CPU
		{F5A0A57D-8AF6-4EE7-B22F-DEC52A17CFFF}.Release|Any CPU.ActiveCfg = Release|Any CPU
		{F5A0A57D-8AF6-4EE7-B22F-DEC52A17CFFF}.Release|Any CPU.Build.0 = Release|Any CPU
	EndGlobalSection
	GlobalSection(SolutionProperties) = preSolution
		HideSolutionNode = FALSE
	EndGlobalSection
	GlobalSection(ExtensibilityGlobals) = postSolution
		SolutionGuid = {65A8B6EA-3189-401F-A436-0BC4089F8AC1}
	EndGlobalSection
EndGlobal
